// !$*UTF8*$!
{
	archiveVersion = 1;
	classes = {
	};
	objectVersion = 46;
	objects = {

/* Begin PBXBuildFile section */
		BC9748B619EEA02F009E0E1C /* Foundation.framework in Frameworks */ = {isa = PBXBuildFile; fileRef = BC9748B519EEA02F009E0E1C /* Foundation.framework */; };
		BC9748B819EEA02F009E0E1C /* CoreGraphics.framework in Frameworks */ = {isa = PBXBuildFile; fileRef = BC9748B719EEA02F009E0E1C /* CoreGraphics.framework */; };
		BC9748BA19EEA02F009E0E1C /* UIKit.framework in Frameworks */ = {isa = PBXBuildFile; fileRef = BC9748B919EEA02F009E0E1C /* UIKit.framework */; };
		BC9748C019EEA02F009E0E1C /* InfoPlist.strings in Resources */ = {isa = PBXBuildFile; fileRef = BC9748BE19EEA02F009E0E1C /* InfoPlist.strings */; };
		BC9748C219EEA02F009E0E1C /* main.m in Sources */ = {isa = PBXBuildFile; fileRef = BC9748C119EEA02F009E0E1C /* main.m */; };
		BC9748C619EEA02F009E0E1C /* FMAppDelegate.m in Sources */ = {isa = PBXBuildFile; fileRef = BC9748C519EEA02F009E0E1C /* FMAppDelegate.m */; };
		BC9748C919EEA02F009E0E1C /* Main.storyboard in Resources */ = {isa = PBXBuildFile; fileRef = BC9748C719EEA02F009E0E1C /* Main.storyboard */; };
		BC9748CC19EEA02F009E0E1C /* FMViewController.m in Sources */ = {isa = PBXBuildFile; fileRef = BC9748CB19EEA02F009E0E1C /* FMViewController.m */; };
		BC9748CE19EEA02F009E0E1C /* Images.xcassets in Resources */ = {isa = PBXBuildFile; fileRef = BC9748CD19EEA02F009E0E1C /* Images.xcassets */; };
		BC9748D519EEA02F009E0E1C /* XCTest.framework in Frameworks */ = {isa = PBXBuildFile; fileRef = BC9748D419EEA02F009E0E1C /* XCTest.framework */; };
		BC9748D619EEA02F009E0E1C /* Foundation.framework in Frameworks */ = {isa = PBXBuildFile; fileRef = BC9748B519EEA02F009E0E1C /* Foundation.framework */; };
		BC9748D719EEA02F009E0E1C /* UIKit.framework in Frameworks */ = {isa = PBXBuildFile; fileRef = BC9748B919EEA02F009E0E1C /* UIKit.framework */; };
		BC9748DF19EEA02F009E0E1C /* InfoPlist.strings in Resources */ = {isa = PBXBuildFile; fileRef = BC9748DD19EEA02F009E0E1C /* InfoPlist.strings */; };
		BC9748E119EEA02F009E0E1C /* CALayer____Tests.m in Sources */ = {isa = PBXBuildFile; fileRef = BC9748E019EEA02F009E0E1C /* CALayer____Tests.m */; };
/* End PBXBuildFile section */

/* Begin PBXContainerItemProxy section */
		BC9748D819EEA02F009E0E1C /* PBXContainerItemProxy */ = {
			isa = PBXContainerItemProxy;
			containerPortal = BC9748AA19EEA02F009E0E1C /* Project object */;
			proxyType = 1;
			remoteGlobalIDString = BC9748B119EEA02F009E0E1C;
			remoteInfo = "CALayer隐士动画";
		};
/* End PBXContainerItemProxy section */

/* Begin PBXFileReference section */
		BC9748B219EEA02F009E0E1C /* CALayer隐士动画.app */ = {isa = PBXFileReference; explicitFileType = wrapper.application; includeInIndex = 0; path = "CALayer隐士动画.app"; sourceTree = BUILT_PRODUCTS_DIR; };
		BC9748B519EEA02F009E0E1C /* Foundation.framework */ = {isa = PBXFileReference; lastKnownFileType = wrapper.framework; name = Foundation.framework; path = System/Library/Frameworks/Foundation.framework; sourceTree = SDKROOT; };
		BC9748B719EEA02F009E0E1C /* CoreGraphics.framework */ = {isa = PBXFileReference; lastKnownFileType = wrapper.framework; name = CoreGraphics.framework; path = System/Library/Frameworks/CoreGraphics.framework; sourceTree = SDKROOT; };
		BC9748B919EEA02F009E0E1C /* UIKit.framework */ = {isa = PBXFileReference; lastKnownFileType = wrapper.framework; name = UIKit.framework; path = System/Library/Frameworks/UIKit.framework; sourceTree = SDKROOT; };
		BC9748BD19EEA02F009E0E1C /* CALayer隐士动画-Info.plist */ = {isa = PBXFileReference; lastKnownFileType = text.plist.xml; path = "CALayer隐士动画-Info.plist"; sourceTree = "<group>"; };
		BC9748BF19EEA02F009E0E1C /* en */ = {isa = PBXFileReference; lastKnownFileType = text.plist.strings; name = en; path = en.lproj/InfoPlist.strings; sourceTree = "<group>"; };
		BC9748C119EEA02F009E0E1C /* main.m */ = {isa = PBXFileReference; lastKnownFileType = sourcecode.c.objc; path = main.m; sourceTree = "<group>"; };
		BC9748C319EEA02F009E0E1C /* CALayer隐士动画-Prefix.pch */ = {isa = PBXFileReference; lastKnownFileType = sourcecode.c.h; path = "CALayer隐士动画-Prefix.pch"; sourceTree = "<group>"; };
		BC9748C419EEA02F009E0E1C /* FMAppDelegate.h */ = {isa = PBXFileReference; lastKnownFileType = sourcecode.c.h; path = FMAppDelegate.h; sourceTree = "<group>"; };
		BC9748C519EEA02F009E0E1C /* FMAppDelegate.m */ = {isa = PBXFileReference; lastKnownFileType = sourcecode.c.objc; path = FMAppDelegate.m; sourceTree = "<group>"; };
		BC9748C819EEA02F009E0E1C /* Base */ = {isa = PBXFileReference; lastKnownFileType = file.storyboard; name = Base; path = Base.lproj/Main.storyboard; sourceTree = "<group>"; };
		BC9748CA19EEA02F009E0E1C /* FMViewController.h */ = {isa = PBXFileReference; lastKnownFileType = sourcecode.c.h; path = FMViewController.h; sourceTree = "<group>"; };
		BC9748CB19EEA02F009E0E1C /* FMViewController.m */ = {isa = PBXFileReference; lastKnownFileType = sourcecode.c.objc; path = FMViewController.m; sourceTree = "<group>"; };
		BC9748CD19EEA02F009E0E1C /* Images.xcassets */ = {isa = PBXFileReference; lastKnownFileType = folder.assetcatalog; path = Images.xcassets; sourceTree = "<group>"; };
		BC9748D319EEA02F009E0E1C /* CALayer隐士动画Tests.xctest */ = {isa = PBXFileReference; explicitFileType = wrapper.cfbundle; includeInIndex = 0; path = "CALayer隐士动画Tests.xctest"; sourceTree = BUILT_PRODUCTS_DIR; };
		BC9748D419EEA02F009E0E1C /* XCTest.framework */ = {isa = PBXFileReference; lastKnownFileType = wrapper.framework; name = XCTest.framework; path = Library/Frameworks/XCTest.framework; sourceTree = DEVELOPER_DIR; };
		BC9748DC19EEA02F009E0E1C /* CALayer隐士动画Tests-Info.plist */ = {isa = PBXFileReference; lastKnownFileType = text.plist.xml; path = "CALayer隐士动画Tests-Info.plist"; sourceTree = "<group>"; };
		BC9748DE19EEA02F009E0E1C /* en */ = {isa = PBXFileReference; lastKnownFileType = text.plist.strings; name = en; path = en.lproj/InfoPlist.strings; sourceTree = "<group>"; };
		BC9748E019EEA02F009E0E1C /* CALayer____Tests.m */ = {isa = PBXFileReference; lastKnownFileType = sourcecode.c.objc; path = "CALayer____Tests.m"; sourceTree = "<group>"; };
/* End PBXFileReference section */

/* Begin PBXFrameworksBuildPhase section */
		BC9748AF19EEA02F009E0E1C /* Frameworks */ = {
			isa = PBXFrameworksBuildPhase;
			buildActionMask = 2147483647;
			files = (
				BC9748B819EEA02F009E0E1C /* CoreGraphics.framework in Frameworks */,
				BC9748BA19EEA02F009E0E1C /* UIKit.framework in Frameworks */,
				BC9748B619EEA02F009E0E1C /* Foundation.framework in Frameworks */,
			);
			runOnlyForDeploymentPostprocessing = 0;
		};
		BC9748D019EEA02F009E0E1C /* Frameworks */ = {
			isa = PBXFrameworksBuildPhase;
			buildActionMask = 2147483647;
			files = (
				BC9748D519EEA02F009E0E1C /* XCTest.framework in Frameworks */,
				BC9748D719EEA02F009E0E1C /* UIKit.framework in Frameworks */,
				BC9748D619EEA02F009E0E1C /* Foundation.framework in Frameworks */,
			);
			runOnlyForDeploymentPostprocessing = 0;
		};
/* End PBXFrameworksBuildPhase section */

/* Begin PBXGroup section */
		BC9748A919EEA02F009E0E1C = {
			isa = PBXGroup;
			children = (
				BC9748BB19EEA02F009E0E1C /* CALayer隐士动画 */,
				BC9748DA19EEA02F009E0E1C /* CALayer隐士动画Tests */,
				BC9748B419EEA02F009E0E1C /* Frameworks */,
				BC9748B319EEA02F009E0E1C /* Products */,
			);
			sourceTree = "<group>";
		};
		BC9748B319EEA02F009E0E1C /* Products */ = {
			isa = PBXGroup;
			children = (
				BC9748B219EEA02F009E0E1C /* CALayer隐士动画.app */,
				BC9748D319EEA02F009E0E1C /* CALayer隐士动画Tests.xctest */,
			);
			name = Products;
			sourceTree = "<group>";
		};
		BC9748B419EEA02F009E0E1C /* Frameworks */ = {
			isa = PBXGroup;
			children = (
				BC9748B519EEA02F009E0E1C /* Foundation.framework */,
				BC9748B719EEA02F009E0E1C /* CoreGraphics.framework */,
				BC9748B919EEA02F009E0E1C /* UIKit.framework */,
				BC9748D419EEA02F009E0E1C /* XCTest.framework */,
			);
			name = Frameworks;
			sourceTree = "<group>";
		};
		BC9748BB19EEA02F009E0E1C /* CALayer隐士动画 */ = {
			isa = PBXGroup;
			children = (
				BC9748C419EEA02F009E0E1C /* FMAppDelegate.h */,
				BC9748C519EEA02F009E0E1C /* FMAppDelegate.m */,
				BC9748C719EEA02F009E0E1C /* Main.storyboard */,
				BC9748CA19EEA02F009E0E1C /* FMViewController.h */,
				BC9748CB19EEA02F009E0E1C /* FMViewController.m */,
				BC9748CD19EEA02F009E0E1C /* Images.xcassets */,
				BC9748BC19EEA02F009E0E1C /* Supporting Files */,
			);
			path = "CALayer隐士动画";
			sourceTree = "<group>";
		};
		BC9748BC19EEA02F009E0E1C /* Supporting Files */ = {
			isa = PBXGroup;
			children = (
				BC9748BD19EEA02F009E0E1C /* CALayer隐士动画-Info.plist */,
				BC9748BE19EEA02F009E0E1C /* InfoPlist.strings */,
				BC9748C119EEA02F009E0E1C /* main.m */,
				BC9748C319EEA02F009E0E1C /* CALayer隐士动画-Prefix.pch */,
			);
			name = "Supporting Files";
			sourceTree = "<group>";
		};
		BC9748DA19EEA02F009E0E1C /* CALayer隐士动画Tests */ = {
			isa = PBXGroup;
			children = (
				BC9748E019EEA02F009E0E1C /* CALayer____Tests.m */,
				BC9748DB19EEA02F009E0E1C /* Supporting Files */,
			);
			path = "CALayer隐士动画Tests";
			sourceTree = "<group>";
		};
		BC9748DB19EEA02F009E0E1C /* Supporting Files */ = {
			isa = PBXGroup;
			children = (
				BC9748DC19EEA02F009E0E1C /* CALayer隐士动画Tests-Info.plist */,
				BC9748DD19EEA02F009E0E1C /* InfoPlist.strings */,
			);
			name = "Supporting Files";
			sourceTree = "<group>";
		};
/* End PBXGroup section */

/* Begin PBXNativeTarget section */
		BC9748B119EEA02F009E0E1C /* CALayer隐士动画 */ = {
			isa = PBXNativeTarget;
			buildConfigurationList = BC9748E419EEA02F009E0E1C /* Build configuration list for PBXNativeTarget "CALayer隐士动画" */;
			buildPhases = (
				BC9748AE19EEA02F009E0E1C /* Sources */,
				BC9748AF19EEA02F009E0E1C /* Frameworks */,
				BC9748B019EEA02F009E0E1C /* Resources */,
			);
			buildRules = (
			);
			dependencies = (
			);
			name = "CALayer隐士动画";
			productName = "CALayer隐士动画";
			productReference = BC9748B219EEA02F009E0E1C /* CALayer隐士动画.app */;
			productType = "com.apple.product-type.application";
		};
		BC9748D219EEA02F009E0E1C /* CALayer隐士动画Tests */ = {
			isa = PBXNativeTarget;
			buildConfigurationList = BC9748E719EEA02F009E0E1C /* Build configuration list for PBXNativeTarget "CALayer隐士动画Tests" */;
			buildPhases = (
				BC9748CF19EEA02F009E0E1C /* Sources */,
				BC9748D019EEA02F009E0E1C /* Frameworks */,
				BC9748D119EEA02F009E0E1C /* Resources */,
			);
			buildRules = (
			);
			dependencies = (
				BC9748D919EEA02F009E0E1C /* PBXTargetDependency */,
			);
			name = "CALayer隐士动画Tests";
			productName = "CALayer隐士动画Tests";
			productReference = BC9748D319EEA02F009E0E1C /* CALayer隐士动画Tests.xctest */;
			productType = "com.apple.product-type.bundle.unit-test";
		};
/* End PBXNativeTarget section */

/* Begin PBXProject section */
		BC9748AA19EEA02F009E0E1C /* Project object */ = {
			isa = PBXProject;
			attributes = {
				CLASSPREFIX = FM;
				LastUpgradeCheck = 0510;
				ORGANIZATIONNAME = "千峰";
				TargetAttributes = {
					BC9748D219EEA02F009E0E1C = {
						TestTargetID = BC9748B119EEA02F009E0E1C;
					};
				};
			};
			buildConfigurationList = BC9748AD19EEA02F009E0E1C /* Build configuration list for PBXProject "CALayer隐士动画" */;
			compatibilityVersion = "Xcode 3.2";
			developmentRegion = English;
			hasScannedForEncodings = 0;
			knownRegions = (
				en,
				Base,
			);
			mainGroup = BC9748A919EEA02F009E0E1C;
			productRefGroup = BC9748B319EEA02F009E0E1C /* Products */;
			projectDirPath = "";
			projectRoot = "";
			targets = (
				BC9748B119EEA02F009E0E1C /* CALayer隐士动画 */,
				BC9748D219EEA02F009E0E1C /* CALayer隐士动画Tests */,
			);
		};
/* End PBXProject section */

/* Begin PBXResourcesBuildPhase section */
		BC9748B019EEA02F009E0E1C /* Resources */ = {
			isa = PBXResourcesBuildPhase;
			buildActionMask = 2147483647;
			files = (
				BC9748CE19EEA02F009E0E1C /* Images.xcassets in Resources */,
				BC9748C019EEA02F009E0E1C /* InfoPlist.strings in Resources */,
				BC9748C919EEA02F009E0E1C /* Main.storyboard in Resources */,
			);
			runOnlyForDeploymentPostprocessing = 0;
		};
		BC9748D119EEA02F009E0E1C /* Resources */ = {
			isa = PBXResourcesBuildPhase;
			buildActionMask = 2147483647;
			files = (
				BC9748DF19EEA02F009E0E1C /* InfoPlist.strings in Resources */,
			);
			runOnlyForDeploymentPostprocessing = 0;
		};
/* End PBXResourcesBuildPhase section */

/* Begin PBXSourcesBuildPhase section */
		BC9748AE19EEA02F009E0E1C /* Sources */ = {
			isa = PBXSourcesBuildPhase;
			buildActionMask = 2147483647;
			files = (
				BC9748C219EEA02F009E0E1C /* main.m in Sources */,
				BC9748C619EEA02F009E0E1C /* FMAppDelegate.m in Sources */,
				BC9748CC19EEA02F009E0E1C /* FMViewController.m in Sources */,
			);
			runOnlyForDeploymentPostprocessing = 0;
		};
		BC9748CF19EEA02F009E0E1C /* Sources */ = {
			isa = PBXSourcesBuildPhase;
			buildActionMask = 2147483647;
			files = (
				BC9748E119EEA02F009E0E1C /* CALayer____Tests.m in Sources */,
			);
			runOnlyForDeploymentPostprocessing = 0;
		};
/* End PBXSourcesBuildPhase section */

/* Begin PBXTargetDependency section */
		BC9748D919EEA02F009E0E1C /* PBXTargetDependency */ = {
			isa = PBXTargetDependency;
			target = BC9748B119EEA02F009E0E1C /* CALayer隐士动画 */;
			targetProxy = BC9748D819EEA02F009E0E1C /* PBXContainerItemProxy */;
		};
/* End PBXTargetDependency section */

/* Begin PBXVariantGroup section */
		BC9748BE19EEA02F009E0E1C /* InfoPlist.strings */ = {
			isa = PBXVariantGroup;
			children = (
				BC9748BF19EEA02F009E0E1C /* en */,
			);
			name = InfoPlist.strings;
			sourceTree = "<group>";
		};
		BC9748C719EEA02F009E0E1C /* Main.storyboard */ = {
			isa = PBXVariantGroup;
			children = (
				BC9748C819EEA02F009E0E1C /* Base */,
			);
			name = Main.storyboard;
			sourceTree = "<group>";
		};
		BC9748DD19EEA02F009E0E1C /* InfoPlist.strings */ = {
			isa = PBXVariantGroup;
			children = (
				BC9748DE19EEA02F009E0E1C /* en */,
			);
			name = InfoPlist.strings;
			sourceTree = "<group>";
		};
/* End PBXVariantGroup section */

/* Begin XCBuildConfiguration section */
		BC9748E219EEA02F009E0E1C /* Debug */ = {
			isa = XCBuildConfiguration;
			buildSettings = {
				ALWAYS_SEARCH_USER_PATHS = NO;
				CLANG_CXX_LANGUAGE_STANDARD = "gnu++0x";
				CLANG_CXX_LIBRARY = "libc++";
				CLANG_ENABLE_MODULES = YES;
				CLANG_ENABLE_OBJC_ARC = YES;
				CLANG_WARN_BOOL_CONVERSION = YES;
				CLANG_WARN_CONSTANT_CONVERSION = YES;
				CLANG_WARN_DIRECT_OBJC_ISA_USAGE = YES_ERROR;
				CLANG_WARN_EMPTY_BODY = YES;
				CLANG_WARN_ENUM_CONVERSION = YES;
				CLANG_WARN_INT_CONVERSION = YES;
				CLANG_WARN_OBJC_ROOT_CLASS = YES_ERROR;
				CLANG_WARN__DUPLICATE_METHOD_MATCH = YES;
				"CODE_SIGN_IDENTITY[sdk=iphoneos*]" = "iPhone Developer";
				COPY_PHASE_STRIP = NO;
				GCC_C_LANGUAGE_STANDARD = gnu99;
				GCC_DYNAMIC_NO_PIC = NO;
				GCC_OPTIMIZATION_LEVEL = 0;
				GCC_PREPROCESSOR_DEFINITIONS = (
					"DEBUG=1",
					"$(inherited)",
				);
				GCC_SYMBOLS_PRIVATE_EXTERN = NO;
				GCC_WARN_64_TO_32_BIT_CONVERSION = YES;
				GCC_WARN_ABOUT_RETURN_TYPE = YES_ERROR;
				GCC_WARN_UNDECLARED_SELECTOR = YES;
				GCC_WARN_UNINITIALIZED_AUTOS = YES_AGGRESSIVE;
				GCC_WARN_UNUSED_FUNCTION = YES;
				GCC_WARN_UNUSED_VARIABLE = YES;
				IPHONEOS_DEPLOYMENT_TARGET = 7.1;
				ONLY_ACTIVE_ARCH = YES;
				SDKROOT = iphoneos;
			};
			name = Debug;
		};
		BC9748E319EEA02F009E0E1C /* Release */ = {
			isa = XCBuildConfiguration;
			buildSettings = {
				ALWAYS_SEARCH_USER_PATHS = NO;
				CLANG_CXX_LANGUAGE_STANDARD = "gnu++0x";
				CLANG_CXX_LIBRARY = "libc++";
				CLANG_ENABLE_MODULES = YES;
				CLANG_ENABLE_OBJC_ARC = YES;
				CLANG_WARN_BOOL_CONVERSION = YES;
				CLANG_WARN_CONSTANT_CONVERSION = YES;
				CLANG_WARN_DIRECT_OBJC_ISA_USAGE = YES_ERROR;
				CLANG_WARN_EMPTY_BODY = YES;
				CLANG_WARN_ENUM_CONVERSION = YES;
				CLANG_WARN_INT_CONVERSION = YES;
				CLANG_WARN_OBJC_ROOT_CLASS = YES_ERROR;
				CLANG_WARN__DUPLICATE_METHOD_MATCH = YES;
				"CODE_SIGN_IDENTITY[sdk=iphoneos*]" = "iPhone Developer";
				COPY_PHASE_STRIP = YES;
				ENABLE_NS_ASSERTIONS = NO;
				GCC_C_LANGUAGE_STANDARD = gnu99;
				GCC_WARN_64_TO_32_BIT_CONVERSION = YES;
				GCC_WARN_ABOUT_RETURN_TYPE = YES_ERROR;
				GCC_WARN_UNDECLARED_SELECTOR = YES;
				GCC_WARN_UNINITIALIZED_AUTOS = YES_AGGRESSIVE;
				GCC_WARN_UNUSED_FUNCTION = YES;
				GCC_WARN_UNUSED_VARIABLE = YES;
				IPHONEOS_DEPLOYMENT_TARGET = 7.1;
				SDKROOT = iphoneos;
				VALIDATE_PRODUCT = YES;
			};
			name = Release;
		};
		BC9748E519EEA02F009E0E1C /* Debug */ = {
			isa = XCBuildConfiguration;
			buildSettings = {
				ASSETCATALOG_COMPILER_APPICON_NAME = AppIcon;
				ASSETCATALOG_COMPILER_LAUNCHIMAGE_NAME = LaunchImage;
				GCC_PRECOMPILE_PREFIX_HEADER = YES;
				GCC_PREFIX_HEADER = "CALayer隐士动画/CALayer隐士动画-Prefix.pch";
				INFOPLIST_FILE = "CALayer隐士动画/CALayer隐士动画-Info.plist";
				PRODUCT_NAME = "$(TARGET_NAME)";
				WRAPPER_EXTENSION = app;
			};
			name = Debug;
		};
		BC9748E619EEA02F009E0E1C /* Release */ = {
			isa = XCBuildConfiguration;
			buildSettings = {
				ASSETCATALOG_COMPILER_APPICON_NAME = AppIcon;
				ASSETCATALOG_COMPILER_LAUNCHIMAGE_NAME = LaunchImage;
				GCC_PRECOMPILE_PREFIX_HEADER = YES;
				GCC_PREFIX_HEADER = "CALayer隐士动画/CALayer隐士动画-Prefix.pch";
				INFOPLIST_FILE = "CALayer隐士动画/CALayer隐士动画-Info.plist";
				PRODUCT_NAME = "$(TARGET_NAME)";
				WRAPPER_EXTENSION = app;
			};
			name = Release;
		};
		BC9748E819EEA02F009E0E1C /* Debug */ = {
			isa = XCBuildConfiguration;
			buildSettings = {
				BUNDLE_LOADER = "$(BUILT_PRODUCTS_DIR)/CALayer隐士动画.app/CALayer隐士动画";
				FRAMEWORK_SEARCH_PATHS = (
					"$(SDKROOT)/Developer/Library/Frameworks",
					"$(inherited)",
					"$(DEVELOPER_FRAMEWORKS_DIR)",
				);
				GCC_PRECOMPILE_PREFIX_HEADER = YES;
				GCC_PREFIX_HEADER = "CALayer隐士动画/CALayer隐士动画-Prefix.pch";
				GCC_PREPROCESSOR_DEFINITIONS = (
					"DEBUG=1",
					"$(inherited)",
				);
				INFOPLIST_FILE = "CALayer隐士动画Tests/CALayer隐士动画Tests-Info.plist";
				PRODUCT_NAME = "$(TARGET_NAME)";
				TEST_HOST = "$(BUNDLE_LOADER)";
				WRAPPER_EXTENSION = xctest;
			};
			name = Debug;
		};
		BC9748E919EEA02F009E0E1C /* Release */ = {
			isa = XCBuildConfiguration;
			buildSettings = {
				BUNDLE_LOADER = "$(BUILT_PRODUCTS_DIR)/CALayer隐士动画.app/CALayer隐士动画";
				FRAMEWORK_SEARCH_PATHS = (
					"$(SDKROOT)/Developer/Library/Frameworks",
					"$(inherited)",
					"$(DEVELOPER_FRAMEWORKS_DIR)",
				);
				GCC_PRECOMPILE_PREFIX_HEADER = YES;
				GCC_PREFIX_HEADER = "CALayer隐士动画/CALayer隐士动画-Prefix.pch";
				INFOPLIST_FILE = "CALayer隐士动画Tests/CALayer隐士动画Tests-Info.plist";
				PRODUCT_NAME = "$(TARGET_NAME)";
				TEST_HOST = "$(BUNDLE_LOADER)";
				WRAPPER_EXTENSION = xctest;
			};
			name = Release;
		};
/* End XCBuildConfiguration section */

/* Begin XCConfigurationList section */
		BC9748AD19EEA02F009E0E1C /* Build configuration list for PBXProject "CALayer隐士动画" */ = {
			isa = XCConfigurationList;
			buildConfigurations = (
				BC9748E219EEA02F009E0E1C /* Debug */,
				BC9748E319EEA02F009E0E1C /* Release */,
			);
			defaultConfigurationIsVisible = 0;
			defaultConfigurationName = Release;
		};
		BC9748E419EEA02F009E0E1C /* Build configuration list for PBXNativeTarget "CALayer隐士动画" */ = {
			isa = XCConfigurationList;
			buildConfigurations = (
				BC9748E519EEA02F009E0E1C /* Debug */,
				BC9748E619EEA02F009E0E1C /* Release */,
			);
			defaultConfigurationIsVisible = 0;
		};
		BC9748E719EEA02F009E0E1C /* Build configuration list for PBXNativeTarget "CALayer隐士动画Tests" */ = {
			isa = XCConfigurationList;
			buildConfigurations = (
				BC9748E819EEA02F009E0E1C /* Debug */,
				BC9748E919EEA02F009E0E1C /* Release */,
			);
			defaultConfigurationIsVisible = 0;
		};
/* End XCConfigurationList section */
	};
	rootObject = BC9748AA19EEA02F009E0E1C /* Project object */;
}
